// !$*UTF8*$!
{
	archiveVersion = 1;
	classes = {
	};
	objectVersion = 55;
	objects = {

/* Begin PBXBuildFile section */
		821147A626B8F06600F4379B /* ProductCellViewModel.swift in Sources */ = {isa = PBXBuildFile; fileRef = 821147A526B8F06600F4379B /* ProductCellViewModel.swift */; };
		821147AB26B937AB00F4379B /* ProductListViewModel.swift in Sources */ = {isa = PBXBuildFile; fileRef = 821147AA26B937AB00F4379B /* ProductListViewModel.swift */; };
		8264018126AEB26300B4CF99 /* AppDelegate.swift in Sources */ = {isa = PBXBuildFile; fileRef = 8264018026AEB26300B4CF99 /* AppDelegate.swift */; };
		8264018326AEB26300B4CF99 /* SceneDelegate.swift in Sources */ = {isa = PBXBuildFile; fileRef = 8264018226AEB26300B4CF99 /* SceneDelegate.swift */; };
		8264018526AEB26300B4CF99 /* ProductListViewController.swift in Sources */ = {isa = PBXBuildFile; fileRef = 8264018426AEB26300B4CF99 /* ProductListViewController.swift */; };
		8264018826AEB26400B4CF99 /* Main.storyboard in Resources */ = {isa = PBXBuildFile; fileRef = 8264018626AEB26400B4CF99 /* Main.storyboard */; };
		8264018A26AEB26600B4CF99 /* Assets.xcassets in Resources */ = {isa = PBXBuildFile; fileRef = 8264018926AEB26600B4CF99 /* Assets.xcassets */; };
		8264018D26AEB26600B4CF99 /* LaunchScreen.storyboard in Resources */ = {isa = PBXBuildFile; fileRef = 8264018B26AEB26600B4CF99 /* LaunchScreen.storyboard */; };
		8264019526AEB2F500B4CF99 /* ProductModel.swift in Sources */ = {isa = PBXBuildFile; fileRef = 8264019426AEB2F500B4CF99 /* ProductModel.swift */; };
		8264019726AEB32400B4CF99 /* ProductCell.swift in Sources */ = {isa = PBXBuildFile; fileRef = 8264019626AEB32400B4CF99 /* ProductCell.swift */; };
		826489EC26B7FEA500325725 /* APIService.swift in Sources */ = {isa = PBXBuildFile; fileRef = 826489EB26B7FEA500325725 /* APIService.swift */; };
		82A8762A26BA82080064DB49 /* UIImageView+ImageDownloader.swift in Sources */ = {isa = PBXBuildFile; fileRef = 82A8762926BA82080064DB49 /* UIImageView+ImageDownloader.swift */; };
		82A8762C26BA82A40064DB49 /* StrikeThroughText.swift in Sources */ = {isa = PBXBuildFile; fileRef = 82A8762B26BA82A40064DB49 /* StrikeThroughText.swift */; };
/* End PBXBuildFile section */

/* Begin PBXFileReference section */
		821147A526B8F06600F4379B /* ProductCellViewModel.swift */ = {isa = PBXFileReference; lastKnownFileType = sourcecode.swift; path = ProductCellViewModel.swift; sourceTree = "<group>"; };
		821147AA26B937AB00F4379B /* ProductListViewModel.swift */ = {isa = PBXFileReference; lastKnownFileType = sourcecode.swift; path = ProductListViewModel.swift; sourceTree = "<group>"; };
		8264017D26AEB26300B4CF99 /* SampleUI_Version2.app */ = {isa = PBXFileReference; explicitFileType = wrapper.application; includeInIndex = 0; path = SampleUI_Version2.app; sourceTree = BUILT_PRODUCTS_DIR; };
		8264018026AEB26300B4CF99 /* AppDelegate.swift */ = {isa = PBXFileReference; lastKnownFileType = sourcecode.swift; path = AppDelegate.swift; sourceTree = "<group>"; };
		8264018226AEB26300B4CF99 /* SceneDelegate.swift */ = {isa = PBXFileReference; lastKnownFileType = sourcecode.swift; path = SceneDelegate.swift; sourceTree = "<group>"; };
		8264018426AEB26300B4CF99 /* ProductListViewController.swift */ = {isa = PBXFileReference; lastKnownFileType = sourcecode.swift; path = ProductListViewController.swift; sourceTree = "<group>"; };
		8264018726AEB26400B4CF99 /* Base */ = {isa = PBXFileReference; lastKnownFileType = file.storyboard; name = Base; path = Base.lproj/Main.storyboard; sourceTree = "<group>"; };
		8264018926AEB26600B4CF99 /* Assets.xcassets */ = {isa = PBXFileReference; lastKnownFileType = folder.assetcatalog; path = Assets.xcassets; sourceTree = "<group>"; };
		8264018C26AEB26600B4CF99 /* Base */ = {isa = PBXFileReference; lastKnownFileType = file.storyboard; name = Base; path = Base.lproj/LaunchScreen.storyboard; sourceTree = "<group>"; };
		8264018E26AEB26600B4CF99 /* Info.plist */ = {isa = PBXFileReference; lastKnownFileType = text.plist.xml; path = Info.plist; sourceTree = "<group>"; };
		8264019426AEB2F500B4CF99 /* ProductModel.swift */ = {isa = PBXFileReference; lastKnownFileType = sourcecode.swift; path = ProductModel.swift; sourceTree = "<group>"; };
		8264019626AEB32400B4CF99 /* ProductCell.swift */ = {isa = PBXFileReference; lastKnownFileType = sourcecode.swift; path = ProductCell.swift; sourceTree = "<group>"; };
		826489EB26B7FEA500325725 /* APIService.swift */ = {isa = PBXFileReference; lastKnownFileType = sourcecode.swift; path = APIService.swift; sourceTree = "<group>"; };
		82A8762926BA82080064DB49 /* UIImageView+ImageDownloader.swift */ = {isa = PBXFileReference; lastKnownFileType = sourcecode.swift; path = "UIImageView+ImageDownloader.swift"; sourceTree = "<group>"; };
		82A8762B26BA82A40064DB49 /* StrikeThroughText.swift */ = {isa = PBXFileReference; lastKnownFileType = sourcecode.swift; path = StrikeThroughText.swift; sourceTree = "<group>"; };
/* End PBXFileReference section */

/* Begin PBXFrameworksBuildPhase section */
		8264017A26AEB26300B4CF99 /* Frameworks */ = {
			isa = PBXFrameworksBuildPhase;
			buildActionMask = 2147483647;
			files = (
			);
			runOnlyForDeploymentPostprocessing = 0;
		};
/* End PBXFrameworksBuildPhase section */

/* Begin PBXGroup section */
		821147A726B8F06E00F4379B /* ViewModel */ = {
			isa = PBXGroup;
			children = (
				821147A526B8F06600F4379B /* ProductCellViewModel.swift */,
				821147AA26B937AB00F4379B /* ProductListViewModel.swift */,
			);
			path = ViewModel;
			sourceTree = "<group>";
		};
		8264017426AEB26300B4CF99 = {
			isa = PBXGroup;
			children = (
				8264017F26AEB26300B4CF99 /* SampleUI_Version2 */,
				8264017E26AEB26300B4CF99 /* Products */,
			);
			sourceTree = "<group>";
		};
		8264017E26AEB26300B4CF99 /* Products */ = {
			isa = PBXGroup;
			children = (
				8264017D26AEB26300B4CF99 /* SampleUI_Version2.app */,
			);
			name = Products;
			sourceTree = "<group>";
		};
		8264017F26AEB26300B4CF99 /* SampleUI_Version2 */ = {
			isa = PBXGroup;
			children = (
				82A8762826BA81C10064DB49 /* Extensions */,
				826489EA26B7FE8000325725 /* APIService */,
				826489E726B7FD0400325725 /* Model */,
				826489E826B7FDA500325725 /* View */,
				821147A726B8F06E00F4379B /* ViewModel */,
				8264018026AEB26300B4CF99 /* AppDelegate.swift */,
				8264018226AEB26300B4CF99 /* SceneDelegate.swift */,
				8264018626AEB26400B4CF99 /* Main.storyboard */,
				8264018926AEB26600B4CF99 /* Assets.xcassets */,
				8264018B26AEB26600B4CF99 /* LaunchScreen.storyboard */,
				8264018E26AEB26600B4CF99 /* Info.plist */,
			);
			path = SampleUI_Version2;
			sourceTree = "<group>";
		};
		826489E726B7FD0400325725 /* Model */ = {
			isa = PBXGroup;
			children = (
				8264019426AEB2F500B4CF99 /* ProductModel.swift */,
			);
			path = Model;
			sourceTree = "<group>";
		};
		826489E826B7FDA500325725 /* View */ = {
			isa = PBXGroup;
			children = (
				8264019626AEB32400B4CF99 /* ProductCell.swift */,
				8264018426AEB26300B4CF99 /* ProductListViewController.swift */,
			);
			path = View;
			sourceTree = "<group>";
		};
		826489EA26B7FE8000325725 /* APIService */ = {
			isa = PBXGroup;
			children = (
				826489EB26B7FEA500325725 /* APIService.swift */,
			);
			path = APIService;
			sourceTree = "<group>";
		};
		82A8762826BA81C10064DB49 /* Extensions */ = {
			isa = PBXGroup;
			children = (
				82A8762926BA82080064DB49 /* UIImageView+ImageDownloader.swift */,
				82A8762B26BA82A40064DB49 /* StrikeThroughText.swift */,
			);
			path = Extensions;
			sourceTree = "<group>";
		};
/* End PBXGroup section */

/* Begin PBXNativeTarget section */
		8264017C26AEB26300B4CF99 /* SampleUI_Version2 */ = {
			isa = PBXNativeTarget;
			buildConfigurationList = 8264019126AEB26600B4CF99 /* Build configuration list for PBXNativeTarget "SampleUI_Version2" */;
			buildPhases = (
				8264017926AEB26300B4CF99 /* Sources */,
				8264017A26AEB26300B4CF99 /* Frameworks */,
				8264017B26AEB26300B4CF99 /* Resources */,
			);
			buildRules = (
			);
			dependencies = (
			);
			name = SampleUI_Version2;
			productName = SampleUI_Version2;
			productReference = 8264017D26AEB26300B4CF99 /* SampleUI_Version2.app */;
			productType = "com.apple.product-type.application";
		};
/* End PBXNativeTarget section */

/* Begin PBXProject section */
		8264017526AEB26300B4CF99 /* Project object */ = {
			isa = PBXProject;
			attributes = {
				BuildIndependentTargetsInParallel = 1;
				LastSwiftUpdateCheck = 1300;
				LastUpgradeCheck = 1300;
				TargetAttributes = {
					8264017C26AEB26300B4CF99 = {
						CreatedOnToolsVersion = 13.0;
					};
				};
			};
			buildConfigurationList = 8264017826AEB26300B4CF99 /* Build configuration list for PBXProject "SampleUI_Version2" */;
			compatibilityVersion = "Xcode 13.0";
			developmentRegion = en;
			hasScannedForEncodings = 0;
			knownRegions = (
				en,
				Base,
			);
			mainGroup = 8264017426AEB26300B4CF99;
			productRefGroup = 8264017E26AEB26300B4CF99 /* Products */;
			projectDirPath = "";
			projectRoot = "";
			targets = (
				8264017C26AEB26300B4CF99 /* SampleUI_Version2 */,
			);
		};
/* End PBXProject section */

/* Begin PBXResourcesBuildPhase section */
		8264017B26AEB26300B4CF99 /* Resources */ = {
			isa = PBXResourcesBuildPhase;
			buildActionMask = 2147483647;
			files = (
				8264018D26AEB26600B4CF99 /* LaunchScreen.storyboard in Resources */,
				8264018A26AEB26600B4CF99 /* Assets.xcassets in Resources */,
				8264018826AEB26400B4CF99 /* Main.storyboard in Resources */,
			);
			runOnlyForDeploymentPostprocessing = 0;
		};
/* End PBXResourcesBuildPhase section */

/* Begin PBXSourcesBuildPhase section */
		8264017926AEB26300B4CF99 /* Sources */ = {
			isa = PBXSourcesBuildPhase;
			buildActionMask = 2147483647;
			files = (
				82A8762C26BA82A40064DB49 /* StrikeThroughText.swift in Sources */,
				8264018526AEB26300B4CF99 /* ProductListViewController.swift in Sources */,
				821147A626B8F06600F4379B /* ProductCellViewModel.swift in Sources */,
				8264018126AEB26300B4CF99 /* AppDelegate.swift in Sources */,
				821147AB26B937AB00F4379B /* ProductListViewModel.swift in Sources */,
				82A8762A26BA82080064DB49 /* UIImageView+ImageDownloader.swift in Sources */,
				8264019726AEB32400B4CF99 /* ProductCell.swift in Sources */,
				8264018326AEB26300B4CF99 /* SceneDelegate.swift in Sources */,
				826489EC26B7FEA500325725 /* APIService.swift in Sources */,
				8264019526AEB2F500B4CF99 /* ProductModel.swift in Sources */,
			);
			runOnlyForDeploymentPostprocessing = 0;
		};
/* End PBXSourcesBuildPhase section */

/* Begin PBXVariantGroup section */
		8264018626AEB26400B4CF99 /* Main.storyboard */ = {
			isa = PBXVariantGroup;
			children = (
				8264018726AEB26400B4CF99 /* Base */,
			);
			name = Main.storyboard;
			sourceTree = "<group>";
		};
		8264018B26AEB26600B4CF99 /* LaunchScreen.storyboard */ = {
			isa = PBXVariantGroup;
			children = (
				8264018C26AEB26600B4CF99 /* Base */,
			);
			name = LaunchScreen.storyboard;
			sourceTree = "<group>";
		};
/* End PBXVariantGroup section */

/* Begin XCBuildConfiguration section */
		8264018F26AEB26600B4CF99 /* Debug */ = {
			isa = XCBuildConfiguration;
			buildSettings = {
				ALWAYS_SEARCH_USER_PATHS = NO;
				CLANG_ANALYZER_NONNULL = YES;
				CLANG_ANALYZER_NUMBER_OBJECT_CONVERSION = YES_AGGRESSIVE;
				CLANG_CXX_LANGUAGE_STANDARD = "gnu++14";
				CLANG_CXX_LIBRARY = "libc++";
				CLANG_ENABLE_MODULES = YES;
				CLANG_ENABLE_OBJC_ARC = YES;
				CLANG_ENABLE_OBJC_WEAK = YES;
				CLANG_WARN_BLOCK_CAPTURE_AUTORELEASING = YES;
				CLANG_WARN_BOOL_CONVERSION = YES;
				CLANG_WARN_COMMA = YES;
				CLANG_WARN_CONSTANT_CONVERSION = YES;
				CLANG_WARN_DEPRECATED_OBJC_IMPLEMENTATIONS = YES;
				CLANG_WARN_DIRECT_OBJC_ISA_USAGE = YES_ERROR;
				CLANG_WARN_DOCUMENTATION_COMMENTS = YES;
				CLANG_WARN_EMPTY_BODY = YES;
				CLANG_WARN_ENUM_CONVERSION = YES;
				CLANG_WARN_INFINITE_RECURSION = YES;
				CLANG_WARN_INT_CONVERSION = YES;
				CLANG_WARN_NON_LITERAL_NULL_CONVERSION = YES;
				CLANG_WARN_OBJC_IMPLICIT_RETAIN_SELF = YES;
				CLANG_WARN_OBJC_LITERAL_CONVERSION = YES;
				CLANG_WARN_OBJC_ROOT_CLASS = YES_ERROR;
				CLANG_WARN_QUOTED_INCLUDE_IN_FRAMEWORK_HEADER = YES;
				CLANG_WARN_RANGE_LOOP_ANALYSIS = YES;
				CLANG_WARN_STRICT_PROTOTYPES = YES;
				CLANG_WARN_SUSPICIOUS_MOVE = YES;
				CLANG_WARN_UNGUARDED_AVAILABILITY = YES_AGGRESSIVE;
				CLANG_WARN_UNREACHABLE_CODE = YES;
				CLANG_WARN__DUPLICATE_METHOD_MATCH = YES;
				COPY_PHASE_STRIP = NO;
				DEBUG_INFORMATION_FORMAT = dwarf;
				ENABLE_STRICT_OBJC_MSGSEND = YES;
				ENABLE_TESTABILITY = YES;
				GCC_C_LANGUAGE_STANDARD = gnu11;
				GCC_DYNAMIC_NO_PIC = NO;
				GCC_NO_COMMON_BLOCKS = YES;
				GCC_OPTIMIZATION_LEVEL = 0;
				GCC_PREPROCESSOR_DEFINITIONS = (
					"DEBUG=1",
					"$(inherited)",
				);
				GCC_WARN_64_TO_32_BIT_CONVERSION = YES;
				GCC_WARN_ABOUT_RETURN_TYPE = YES_ERROR;
				GCC_WARN_UNDECLARED_SELECTOR = YES;
				GCC_WARN_UNINITIALIZED_AUTOS = YES_AGGRESSIVE;
				GCC_WARN_UNUSED_FUNCTION = YES;
				GCC_WARN_UNUSED_VARIABLE = YES;
				IPHONEOS_DEPLOYMENT_TARGET = 15.0;
				MTL_ENABLE_DEBUG_INFO = INCLUDE_SOURCE;
				MTL_FAST_MATH = YES;
				ONLY_ACTIVE_ARCH = YES;
				SDKROOT = iphoneos;
				SWIFT_ACTIVE_COMPILATION_CONDITIONS = DEBUG;
				SWIFT_OPTIMIZATION_LEVEL = "-Onone";
			};
			name = Debug;
		};
		8264019026AEB26600B4CF99 /* Release */ = {
			isa = XCBuildConfiguration;
			buildSettings = {
				ALWAYS_SEARCH_USER_PATHS = NO;
				CLANG_ANALYZER_NONNULL = YES;
				CLANG_ANALYZER_NUMBER_OBJECT_CONVERSION = YES_AGGRESSIVE;
				CLANG_CXX_LANGUAGE_STANDARD = "gnu++14";
				CLANG_CXX_LIBRARY = "libc++";
				CLANG_ENABLE_MODULES = YES;
				CLANG_ENABLE_OBJC_ARC = YES;
				CLANG_ENABLE_OBJC_WEAK = YES;
				CLANG_WARN_BLOCK_CAPTURE_AUTORELEASING = YES;
				CLANG_WARN_BOOL_CONVERSION = YES;
				CLANG_WARN_COMMA = YES;
				CLANG_WARN_CONSTANT_CONVERSION = YES;
				CLANG_WARN_DEPRECATED_OBJC_IMPLEMENTATIONS = YES;
				CLANG_WARN_DIRECT_OBJC_ISA_USAGE = YES_ERROR;
				CLANG_WARN_DOCUMENTATION_COMMENTS = YES;
				CLANG_WARN_EMPTY_BODY = YES;
				CLANG_WARN_ENUM_CONVERSION = YES;
				CLANG_WARN_INFINITE_RECURSION = YES;
				CLANG_WARN_INT_CONVERSION = YES;
				CLANG_WARN_NON_LITERAL_NULL_CONVERSION = YES;
				CLANG_WARN_OBJC_IMPLICIT_RETAIN_SELF = YES;
				CLANG_WARN_OBJC_LITERAL_CONVERSION = YES;
				CLANG_WARN_OBJC_ROOT_CLASS = YES_ERROR;
				CLANG_WARN_QUOTED_INCLUDE_IN_FRAMEWORK_HEADER = YES;
				CLANG_WARN_RANGE_LOOP_ANALYSIS = YES;
				CLANG_WARN_STRICT_PROTOTYPES = YES;
				CLANG_WARN_SUSPICIOUS_MOVE = YES;
				CLANG_WARN_UNGUARDED_AVAILABILITY = YES_AGGRESSIVE;
				CLANG_WARN_UNREACHABLE_CODE = YES;
				CLANG_WARN__DUPLICATE_METHOD_MATCH = YES;
				COPY_PHASE_STRIP = NO;
				DEBUG_INFORMATION_FORMAT = "dwarf-with-dsym";
				ENABLE_NS_ASSERTIONS = NO;
				ENABLE_STRICT_OBJC_MSGSEND = YES;
				GCC_C_LANGUAGE_STANDARD = gnu11;
				GCC_NO_COMMON_BLOCKS = YES;
				GCC_WARN_64_TO_32_BIT_CONVERSION = YES;
				GCC_WARN_ABOUT_RETURN_TYPE = YES_ERROR;
				GCC_WARN_UNDECLARED_SELECTOR = YES;
				GCC_WARN_UNINITIALIZED_AUTOS = YES_AGGRESSIVE;
				GCC_WARN_UNUSED_FUNCTION = YES;
				GCC_WARN_UNUSED_VARIABLE = YES;
				IPHONEOS_DEPLOYMENT_TARGET = 15.0;
				MTL_ENABLE_DEBUG_INFO = NO;
				MTL_FAST_MATH = YES;
				SDKROOT = iphoneos;
				SWIFT_COMPILATION_MODE = wholemodule;
				SWIFT_OPTIMIZATION_LEVEL = "-O";
				VALIDATE_PRODUCT = YES;
			};
			name = Release;
		};
		8264019226AEB26600B4CF99 /* Debug */ = {
			isa = XCBuildConfiguration;
			buildSettings = {
				ASSETCATALOG_COMPILER_APPICON_NAME = AppIcon;
				ASSETCATALOG_COMPILER_GLOBAL_ACCENT_COLOR_NAME = AccentColor;
				CODE_SIGN_STYLE = Automatic;
				CURRENT_PROJECT_VERSION = 1;
				GENERATE_INFOPLIST_FILE = YES;
				INFOPLIST_FILE = SampleUI_Version2/Info.plist;
				INFOPLIST_KEY_UIApplicationSupportsIndirectInputEvents = YES;
				INFOPLIST_KEY_UILaunchStoryboardName = LaunchScreen;
				INFOPLIST_KEY_UIMainStoryboardFile = Main;
				INFOPLIST_KEY_UISupportedInterfaceOrientations_iPad = "UIInterfaceOrientationPortrait UIInterfaceOrientationPortraitUpsideDown UIInterfaceOrientationLandscapeLeft UIInterfaceOrientationLandscapeRight";
				INFOPLIST_KEY_UISupportedInterfaceOrientations_iPhone = "UIInterfaceOrientationPortrait UIInterfaceOrientationLandscapeLeft UIInterfaceOrientationLandscapeRight";
				LD_RUNPATH_SEARCH_PATHS = (
					"$(inherited)",
					"@executable_path/Frameworks",
				);
				MARKETING_VERSION = 1.0;
				PRODUCT_BUNDLE_IDENTIFIER = "com.ag.SampleUI-Version2";
				PRODUCT_NAME = "$(TARGET_NAME)";
				SWIFT_EMIT_LOC_STRINGS = YES;
				SWIFT_VERSION = 5.0;
				TARGETED_DEVICE_FAMILY = "1,2";
			};
			name = Debug;
		};
		8264019326AEB26600B4CF99 /* Release */ = {
			isa = XCBuildConfiguration;
			buildSettings = {
				ASSETCATALOG_COMPILER_APPICON_NAME = AppIcon;
				ASSETCATALOG_COMPILER_GLOBAL_ACCENT_COLOR_NAME = AccentColor;
				CODE_SIGN_STYLE = Automatic;
				CURRENT_PROJECT_VERSION = 1;
				GENERATE_INFOPLIST_FILE = YES;
				INFOPLIST_FILE = SampleUI_Version2/Info.plist;
				INFOPLIST_KEY_UIApplicationSupportsIndirectInputEvents = YES;
				INFOPLIST_KEY_UILaunchStoryboardName = LaunchScreen;
				INFOPLIST_KEY_UIMainStoryboardFile = Main;
				INFOPLIST_KEY_UISupportedInterfaceOrientations_iPad = "UIInterfaceOrientationPortrait UIInterfaceOrientationPortraitUpsideDown UIInterfaceOrientationLandscapeLeft UIInterfaceOrientationLandscapeRight";
				INFOPLIST_KEY_UISupportedInterfaceOrientations_iPhone = "UIInterfaceOrientationPortrait UIInterfaceOrientationLandscapeLeft UIInterfaceOrientationLandscapeRight";
				LD_RUNPATH_SEARCH_PATHS = (
					"$(inherited)",
					"@executable_path/Frameworks",
				);
				MARKETING_VERSION = 1.0;
				PRODUCT_BUNDLE_IDENTIFIER = "com.ag.SampleUI-Version2";
				PRODUCT_NAME = "$(TARGET_NAME)";
				SWIFT_EMIT_LOC_STRINGS = YES;
				SWIFT_VERSION = 5.0;
				TARGETED_DEVICE_FAMILY = "1,2";
			};
			name = Release;
		};
/* End XCBuildConfiguration section */

/* Begin XCConfigurationList section */
		8264017826AEB26300B4CF99 /* Build configuration list for PBXProject "SampleUI_Version2" */ = {
			isa = XCConfigurationList;
			buildConfigurations = (
				8264018F26AEB26600B4CF99 /* Debug */,
				8264019026AEB26600B4CF99 /* Release */,
			);
			defaultConfigurationIsVisible = 0;
			defaultConfigurationName = Release;
		};
		8264019126AEB26600B4CF99 /* Build configuration list for PBXNativeTarget "SampleUI_Version2" */ = {
			isa = XCConfigurationList;
			buildConfigurations = (
				8264019226AEB26600B4CF99 /* Debug */,
				8264019326AEB26600B4CF99 /* Release */,
			);
			defaultConfigurationIsVisible = 0;
			defaultConfigurationName = Release;
		};
/* End XCConfigurationList section */
	};
	rootObject = 8264017526AEB26300B4CF99 /* Project object */;
}
